<?xml version="1.0" encoding="utf-8"?>
<Project ToolsVersion="4.0" xmlns="http://schemas.microsoft.com/developer/msbuild/2003">
  <ItemGroup>
    <Filter Include="Source Files">
      <UniqueIdentifier>{4FC737F1-C7A5-4376-A066-2A32D752A2FF}</UniqueIdentifier>
      <Extensions>cpp;c;cc;cxx;c++;cppm;ixx;def;odl;idl;hpj;bat;asm;asmx</Extensions>
    </Filter>
    <Filter Include="Header Files">
      <UniqueIdentifier>{93995380-89BD-4b04-88EB-625FBE52EBFB}</UniqueIdentifier>
      <Extensions>h;hh;hpp;hxx;h++;hm;inl;inc;ipp;xsd</Extensions>
    </Filter>
    <Filter Include="Resource Files">
      <UniqueIdentifier>{67DA6AB6-F800-4c08-8B7A-83BB121AAD01}</UniqueIdentifier>
      <Extensions>rc;ico;cur;bmp;dlg;rc2;rct;bin;rgs;gif;jpg;jpeg;jpe;resx;tiff;tif;png;wav;mfcribbon-ms</Extensions>
    </Filter>
    <Filter Include="room">
      <UniqueIdentifier>{cdd5a410-d3c4-48ae-9cf8-a89f3d755c69}</UniqueIdentifier>
    </Filter>
  </ItemGroup>
  <ItemGroup>
    <ClCompile Include="Hotel_System.cpp">
      <Filter>Source Files</Filter>
    </ClCompile>
    <ClCompile Include="ValidationFunctions.cpp">
      <Filter>Source Files</Filter>
    </ClCompile>
    <ClCompile Include="room\Apartment.cpp">
      <Filter>Source Files</Filter>
    </ClCompile>
    <ClCompile Include="room\ConferenceRoom.cpp">
      <Filter>Source Files</Filter>
    </ClCompile>
    <ClCompile Include="room\DoubleRoom.cpp">
      <Filter>Source Files</Filter>
    </ClCompile>
    <ClCompile Include="room\LuxuryRoom.cpp">
      <Filter>Source Files</Filter>
    </ClCompile>
    <ClCompile Include="room\PricingTable.cpp">
      <Filter>Source Files</Filter>
    </ClCompile>
    <ClCompile Include="room\Room.cpp">
      <Filter>Source Files</Filter>
    </ClCompile>
    <ClCompile Include="room\RoomType.cpp">
      <Filter>Source Files</Filter>
    </ClCompile>
    <ClCompile Include="room\SingleRoom.cpp">
      <Filter>Source Files</Filter>
    </ClCompile>
    <ClCompile Include="room\FileStorageHandler.cpp">
      <Filter>Source Files</Filter>
    </ClCompile>
    <ClCompile Include="guest\Guest.cpp">
      <Filter>Source Files</Filter>
    </ClCompile>
    <ClCompile Include="guest\GuestFileHandler.cpp">
      <Filter>Source Files</Filter>
    </ClCompile>
    <ClCompile Include="guest\GuestManager.cpp">
      <Filter>Source Files</Filter>
    </ClCompile>
    <ClCompile Include="guest\GuestStatus.cpp">
      <Filter>Source Files</Filter>
    </ClCompile>
    <ClCompile Include="guest\GuestValidator.cpp">
      <Filter>Source Files</Filter>
    </ClCompile>
    <ClCompile Include="core\my_string.cpp">
      <Filter>Source Files</Filter>
    </ClCompile>
    <ClCompile Include="core\my_string_utils.cpp">
      <Filter>Source Files</Filter>
    </ClCompile>
    <ClCompile Include="reservation\Reservation.cpp">
      <Filter>Source Files</Filter>
    </ClCompile>
    <ClCompile Include="core\Date.cpp">
      <Filter>Source Files</Filter>
    </ClCompile>
    <ClCompile Include="reservation\ReservationManager.cpp">
      <Filter>Source Files</Filter>
    </ClCompile>
    <ClCompile Include="reservation\ReservationFileHandler.cpp">
      <Filter>Source Files</Filter>
    </ClCompile>
    <ClCompile Include="user\User.cpp">
      <Filter>Source Files</Filter>
    </ClCompile>
    <ClCompile Include="user\Role.cpp">
      <Filter>Source Files</Filter>
    </ClCompile>
    <ClCompile Include="user\Manager.cpp">
      <Filter>Source Files</Filter>
    </ClCompile>
    <ClCompile Include="user\Receptionist.cpp">
      <Filter>Source Files</Filter>
    </ClCompile>
    <ClCompile Include="user\Accountant.cpp">
      <Filter>Source Files</Filter>
    </ClCompile>
    <ClCompile Include="user\ActionReport.cpp">
      <Filter>Source Files</Filter>
    </ClCompile>
    <ClCompile Include="user\ActionReportFileHandler.cpp">
      <Filter>Source Files</Filter>
    </ClCompile>
    <ClCompile Include="user\UserManager.cpp">
      <Filter>Source Files</Filter>
    </ClCompile>
    <ClCompile Include="user\UserFileHandler.cpp">
      <Filter>Source Files</Filter>
    </ClCompile>
    <ClCompile Include="income\IncomeAnalyzer.cpp">
      <Filter>Source Files</Filter>
    </ClCompile>
    <ClCompile Include="app\System.cpp">
      <Filter>Source Files</Filter>
    </ClCompile>
  </ItemGroup>
  <ItemGroup>
    <ClInclude Include="Constants.h">
      <Filter>Header Files</Filter>
    </ClInclude>
    <ClInclude Include="room\Apartment.h">
      <Filter>Header Files</Filter>
    </ClInclude>
    <ClInclude Include="room\ConferenceRoom.h">
      <Filter>Header Files</Filter>
    </ClInclude>
    <ClInclude Include="room\DoubleRoom.h">
      <Filter>Header Files</Filter>
    </ClInclude>
    <ClInclude Include="room\LuxuryRoom.h">
      <Filter>Header Files</Filter>
    </ClInclude>
    <ClInclude Include="room\PricingTable.h">
      <Filter>Header Files</Filter>
    </ClInclude>
    <ClInclude Include="room\Room.h">
      <Filter>Header Files</Filter>
    </ClInclude>
    <ClInclude Include="room\RoomType.h">
      <Filter>Header Files</Filter>
    </ClInclude>
    <ClInclude Include="room\SingleRoom.h">
      <Filter>Header Files</Filter>
    </ClInclude>
    <ClInclude Include="room\FileStorageHandler.h">
      <Filter>Header Files</Filter>
    </ClInclude>
    <ClInclude Include="guest\Guest.h">
      <Filter>Header Files</Filter>
    </ClInclude>
    <ClInclude Include="guest\GuestFileHandler.h">
      <Filter>Header Files</Filter>
    </ClInclude>
    <ClInclude Include="guest\GuestManager.h">
      <Filter>Header Files</Filter>
    </ClInclude>
    <ClInclude Include="guest\GuestStatus.h">
      <Filter>Header Files</Filter>
    </ClInclude>
    <ClInclude Include="guest\GuestValidator.h">
      <Filter>Header Files</Filter>
    </ClInclude>
    <ClInclude Include="core\my_string.h">
      <Filter>Header Files</Filter>
    </ClInclude>
    <ClInclude Include="core\my_string_utils.h">
      <Filter>Header Files</Filter>
    </ClInclude>
    <ClInclude Include="core\my_vector.hpp">
      <Filter>Header Files</Filter>
    </ClInclude>
    <ClInclude Include="reservation\Reservation.h">
      <Filter>Header Files</Filter>
    </ClInclude>
    <ClInclude Include="core\Date.h">
      <Filter>Header Files</Filter>
    </ClInclude>
    <ClInclude Include="reservation\ReservationManager.h">
      <Filter>Header Files</Filter>
    </ClInclude>
    <ClInclude Include="reservation\ReservationFileHandler.h">
      <Filter>Header Files</Filter>
    </ClInclude>
    <ClInclude Include="user\Role.h">
      <Filter>Header Files</Filter>
    </ClInclude>
    <ClInclude Include="user\User.h">
      <Filter>Header Files</Filter>
    </ClInclude>
    <ClInclude Include="user\Manager.h">
      <Filter>Header Files</Filter>
    </ClInclude>
    <ClInclude Include="user\Receptionist.h">
      <Filter>Header Files</Filter>
    </ClInclude>
    <ClInclude Include="user\Accountant.h">
      <Filter>Header Files</Filter>
    </ClInclude>
    <ClInclude Include="user\ActionReport.h">
      <Filter>Header Files</Filter>
    </ClInclude>
    <ClInclude Include="user\ActionReportFileHandler.h">
      <Filter>Header Files</Filter>
    </ClInclude>
    <ClInclude Include="user\UserManager.h">
      <Filter>Header Files</Filter>
    </ClInclude>
    <ClInclude Include="user\UserFileHandler.h">
      <Filter>Header Files</Filter>
    </ClInclude>
    <ClInclude Include="income\IncomeAnalyzer.h">
      <Filter>Header Files</Filter>
    </ClInclude>
    <ClInclude Include="app\System.h">
      <Filter>Header Files</Filter>
    </ClInclude>
  </ItemGroup>
</Project>